
Microsoft Visual Studio Solution File, Format Version 12.00
# Visual Studio Version 16
VisualStudioVersion = 16.0.31205.134
MinimumVisualStudioVersion = 10.0.40219.1
Project("{FAE04EC0-301F-11D3-BF4B-00C04F79EFBC}") = "CoreWebAPI", "CoreWebAPI\CoreWebAPI.csproj", "{B9850548-7A2C-4BF3-B83E-8C2287352F9D}"
EndProject
Global
	GlobalSection(SolutionConfigurationPlatforms) = preSolution
		Debug|Any CPU = Debug|Any CPU
		Release|Any CPU = Release|Any CPU
	EndGlobalSection
	GlobalSection(ProjectConfigurationPlatforms) = postSolution
		{B9850548-7A2C-4BF3-B83E-8C2287352F9D}.Debug|Any CPU.ActiveCfg = Debug|Any CPU
		{B9850548-7A2C-4BF3-B83E-8C2287352F9D}.Debug|Any CPU.Build.0 = Debug|Any CPU
		{B9850548-7A2C-4BF3-B83E-8C2287352F9D}.Release|Any CPU.ActiveCfg = Release|Any CPU
		{B9850548-7A2C-4BF3-B83E-8C2287352F9D}.Release|Any CPU.Build.0 = Release|Any CPU
	EndGlobalSection
	GlobalSection(SolutionProperties) = preSolution
		HideSolutionNode = FALSE
	EndGlobalSection
	GlobalSection(ExtensibilityGlobals) = postSolution
		SolutionGuid = {6F1B2E07-0F85-43B3-8ABF-81257C8362BF}
	EndGlobalSection
EndGlobal
